# THIS IS AN AUTOGENERATED FILE. DO NOT EDIT THIS FILE DIRECTLY.
# yarn lockfile v1


async@^1.5.2, async@~1.5:
  version "1.5.2"
  resolved "https://registry.yarnpkg.com/async/-/async-1.5.2.tgz#ec6a61ae56480c0c3cb241c95618e20892f9672a"
  integrity sha1-7GphrlZIDAw8skHJVhjiCJL5Zyo=

axios@^0.21.1:
  version "0.21.4"
  resolved "https://registry.yarnpkg.com/axios/-/axios-0.21.4.tgz#c67b90dc0568e5c1cf2b0b858c43ba28e2eda575"
  integrity sha512-ut5vewkiu8jjGBdqpM44XxjuCjq9LAKeHVmoVfHVzy8eHgxxq8SbAVQNovDA8mVi05kP0Ea/n/UzcSHcTJQfNg==
  dependencies:
    follow-redirects "^1.14.0"

bottleneck@^2.19.5:
  version "2.19.5"
  resolved "https://registry.yarnpkg.com/bottleneck/-/bottleneck-2.19.5.tgz#5df0b90f59fd47656ebe63c78a98419205cadd91"
  integrity sha512-VHiNCbI1lKdl44tGrhNfU3lup0Tj/ZBMJB5/2ZbNXRCPuRCO7ed2mgcK4r17y+KB2EfuYuRaVlwNbAeaWGSpbw==

commander@~2.3:
  version "2.3.0"
  resolved "https://registry.yarnpkg.com/commander/-/commander-2.3.0.tgz#fd430e889832ec353b9acd1de217c11cb3eef873"
  integrity sha1-/UMOiJgy7DU7ms0d4hfBHLPu+HM=

debug@^2.2.0:
  version "2.6.9"
  resolved "https://registry.yarnpkg.com/debug/-/debug-2.6.9.tgz#5d128515df134ff327e90a4c93f4e077a536341f"
  integrity sha512-bC7ElrdJaJnPbAP+1EotYvqZsb3ecl5wi6Bfi6BJTUcNowp6cvspg0jXznRTKDjm/E7AdgFBVeAPVMNcKGsHMA==
  dependencies:
    ms "2.0.0"

debug@^4.1.1:
  version "4.3.1"
  resolved "https://registry.yarnpkg.com/debug/-/debug-4.3.1.tgz#f0d229c505e0c6d8c49ac553d1b13dc183f6b2ee"
  integrity sha512-doEwdvm4PCeK4K3RQN2ZC2BYUBaxwLARCqZmMjtF8a51J2Rb0xpVloFRnCODwqjpwnAoao4pelN8l3RJdv3gRQ==
  dependencies:
    ms "2.1.2"

follow-redirects@^1.14.0:
  version "1.15.2"
  resolved "https://registry.yarnpkg.com/follow-redirects/-/follow-redirects-1.15.2.tgz#b460864144ba63f2681096f274c4e57026da2c13"
  integrity sha512-VQLG33o04KaQ8uYi2tVNbdrWp1QWxNNea+nmIB4EVM28v0hmP17z7aG1+wAkNzVq4KeXTq3221ye5qTJP91JwA==

get-ssl-certificate@^2.3.3:
  version "2.3.3"
  resolved "https://registry.yarnpkg.com/get-ssl-certificate/-/get-ssl-certificate-2.3.3.tgz#c8a43da1c77969b2a1dabe8f8356a7d60cf0c4b5"
  integrity sha512-aKYXS1S5+2IYw4W5+lKC/M+lvaNYPe0PhnQ144NWARcBg35H3ZvyVZ6y0LNGtiAxggFBHeO7LaVGO4bgHK4g1Q==

ms@2.0.0:
  version "2.0.0"
  resolved "https://registry.yarnpkg.com/ms/-/ms-2.0.0.tgz#5608aeadfc00be6c2901df5f9861788de0d597c8"
  integrity sha1-VgiurfwAvmwpAd9fmGF4jeDVl8g=

ms@2.1.2:
  version "2.1.2"
  resolved "https://registry.yarnpkg.com/ms/-/ms-2.1.2.tgz#d09d1f357b443f493382a8eb3ccd183872ae6009"
  integrity sha512-sGkPx+VjMtmA6MX27oA4FBFELFCZZ4S4XqeGOXCv68tT+jb3vk/RyaKWP0PTKyWtmLSM0b+adUTEvbs1PEaH2w==

node-hue-api@^4.0.10:
  version "4.0.10"
  resolved "https://registry.yarnpkg.com/node-hue-api/-/node-hue-api-4.0.10.tgz#739b0c0f24a29887f3ff1a42037f4f37bc5c2327"
  integrity sha512-s+UvFttQfNXFadk8p6N9q9A5hteY2Q48W/mVze9nFPR5gwPH374cdA61ezKOx1WgBrN4btHj1z81veznhEZZAA==
  dependencies:
    axios "^0.21.1"
    bottleneck "^2.19.5"
    get-ssl-certificate "^2.3.3"

semaphore-async-await@^1.5.1:
  version "1.5.1"
  resolved "https://registry.yarnpkg.com/semaphore-async-await/-/semaphore-async-await-1.5.1.tgz#857bef5e3644601ca4b9570b87e9df5ca12974fa"
  integrity sha1-hXvvXjZEYBykuVcLh+nfXKEpdPo=

semaphore@^1.0.5:
  version "1.1.0"
  resolved "https://registry.yarnpkg.com/semaphore/-/semaphore-1.1.0.tgz#aaad8b86b20fe8e9b32b16dc2ee682a8cd26a8aa"
  integrity sha512-O4OZEaNtkMd/K0i6js9SL+gqy0ZCBMgUvlSqHKi4IBdjhe7wB8pwztUk1BbZ1fmrvpwFrPbHzqd2w5pTcJH6LA==

xpl-api@^2.1.2:
  version "2.1.2"
  resolved "https://registry.yarnpkg.com/xpl-api/-/xpl-api-2.1.2.tgz#eee6c7fff8414dd8a29f6665fd8bc85a6f557e5a"
  integrity sha1-7ubH//hBTdiin2Zl/YvIWm9Vflo=
  dependencies:
    async "^1.5.2"
    debug "^2.2.0"
    semaphore "^1.0.5"
